
Microsoft Visual Studio Solution File, Format Version 12.00
# Visual Studio Version 17
VisualStudioVersion = 17.2.32516.85
MinimumVisualStudioVersion = 10.0.40219.1
Project("{FAE04EC0-301F-11D3-BF4B-00C04F79EFBC}") = "TransportPrisBeregner", "TranportPrisBeregner\TransportPrisBeregner.csproj", "{D8C7899D-BB59-4588-8A54-AB7CD990F16E}"
EndProject
Project("{9A19103F-16F7-4668-BE54-9A1E7A4F7556}") = "TestTransportPrisBeregner", "TestTransportPrisBeregner\TestTransportPrisBeregner.csproj", "{A19ECFED-5065-4842-B340-E283C78AC4F2}"
EndProject
Global
	GlobalSection(SolutionConfigurationPlatforms) = preSolution
		Debug|Any CPU = Debug|Any CPU
		Release|Any CPU = Release|Any CPU
	EndGlobalSection
	GlobalSection(ProjectConfigurationPlatforms) = postSolution
		{D8C7899D-BB59-4588-8A54-AB7CD990F16E}.Debug|Any CPU.ActiveCfg = Debug|Any CPU
		{D8C7899D-BB59-4588-8A54-AB7CD990F16E}.Debug|Any CPU.Build.0 = Debug|Any CPU
		{D8C7899D-BB59-4588-8A54-AB7CD990F16E}.Release|Any CPU.ActiveCfg = Release|Any CPU
		{D8C7899D-BB59-4588-8A54-AB7CD990F16E}.Release|Any CPU.Build.0 = Release|Any CPU
		{A19ECFED-5065-4842-B340-E283C78AC4F2}.Debug|Any CPU.ActiveCfg = Debug|Any CPU
		{A19ECFED-5065-4842-B340-E283C78AC4F2}.Debug|Any CPU.Build.0 = Debug|Any CPU
		{A19ECFED-5065-4842-B340-E283C78AC4F2}.Release|Any CPU.ActiveCfg = Release|Any CPU
		{A19ECFED-5065-4842-B340-E283C78AC4F2}.Release|Any CPU.Build.0 = Release|Any CPU
	EndGlobalSection
	GlobalSection(SolutionProperties) = preSolution
		HideSolutionNode = FALSE
	EndGlobalSection
	GlobalSection(ExtensibilityGlobals) = postSolution
		SolutionGuid = {B7518ABA-AC57-4D53-913D-3519DB56F01B}
	EndGlobalSection
EndGlobal
